// !$*UTF8*$!
{
	archiveVersion = 1;
	classes = {
	};
	objectVersion = 55;
	objects = {

/* Begin PBXBuildFile section */
		2516980628C1F353004850DB /* MemoViewController.swift in Sources */ = {isa = PBXBuildFile; fileRef = 2516980528C1F353004850DB /* MemoViewController.swift */; };
		2516980828C1F363004850DB /* MemoTableViewCell.swift in Sources */ = {isa = PBXBuildFile; fileRef = 2516980728C1F363004850DB /* MemoTableViewCell.swift */; };
		2516980E28C1FA0B004850DB /* RealmModel.swift in Sources */ = {isa = PBXBuildFile; fileRef = 2516980D28C1FA0B004850DB /* RealmModel.swift */; };
		252F7D5828C332B80099337A /* WriteViewController.swift in Sources */ = {isa = PBXBuildFile; fileRef = 252F7D5728C332B80099337A /* WriteViewController.swift */; };
		252F7D5E28C46C140099337A /* HeaderView.swift in Sources */ = {isa = PBXBuildFile; fileRef = 252F7D5D28C46C140099337A /* HeaderView.swift */; };
		252F7D6428C5B8630099337A /* UIColor+Extension.swift in Sources */ = {isa = PBXBuildFile; fileRef = 252F7D6328C5B8620099337A /* UIColor+Extension.swift */; };
		253B49FF28C209D000C3BE8D /* UserMemoRepository.swift in Sources */ = {isa = PBXBuildFile; fileRef = 253B49FE28C209D000C3BE8D /* UserMemoRepository.swift */; };
		25D7790E28BF4A3200563EF0 /* AppDelegate.swift in Sources */ = {isa = PBXBuildFile; fileRef = 25D7790D28BF4A3200563EF0 /* AppDelegate.swift */; };
		25D7791028BF4A3200563EF0 /* SceneDelegate.swift in Sources */ = {isa = PBXBuildFile; fileRef = 25D7790F28BF4A3200563EF0 /* SceneDelegate.swift */; };
		25D7791228BF4A3200563EF0 /* ViewController.swift in Sources */ = {isa = PBXBuildFile; fileRef = 25D7791128BF4A3200563EF0 /* ViewController.swift */; };
		25D7791528BF4A3200563EF0 /* Main.storyboard in Resources */ = {isa = PBXBuildFile; fileRef = 25D7791328BF4A3200563EF0 /* Main.storyboard */; };
		25D7791728BF4A3300563EF0 /* Assets.xcassets in Resources */ = {isa = PBXBuildFile; fileRef = 25D7791628BF4A3300563EF0 /* Assets.xcassets */; };
		25D7791A28BF4A3300563EF0 /* LaunchScreen.storyboard in Resources */ = {isa = PBXBuildFile; fileRef = 25D7791828BF4A3300563EF0 /* LaunchScreen.storyboard */; };
		25D7792328BF4C6B00563EF0 /* Realm in Frameworks */ = {isa = PBXBuildFile; productRef = 25D7792228BF4C6B00563EF0 /* Realm */; };
		25D7792528BF4C6B00563EF0 /* RealmSwift in Frameworks */ = {isa = PBXBuildFile; productRef = 25D7792428BF4C6B00563EF0 /* RealmSwift */; };
		25D7792828BF4C8C00563EF0 /* SnapKit in Frameworks */ = {isa = PBXBuildFile; productRef = 25D7792728BF4C8C00563EF0 /* SnapKit */; };
		25D7792B28BF4CBA00563EF0 /* Toast in Frameworks */ = {isa = PBXBuildFile; productRef = 25D7792A28BF4CBA00563EF0 /* Toast */; };
		25D7793228BF52EE00563EF0 /* Color.swift in Sources */ = {isa = PBXBuildFile; fileRef = 25D7793128BF52EE00563EF0 /* Color.swift */; };
		25D7793428BF52F900563EF0 /* Constant.swift in Sources */ = {isa = PBXBuildFile; fileRef = 25D7793328BF52F900563EF0 /* Constant.swift */; };
		25D7793628BF54FD00563EF0 /* BaseViewController.swift in Sources */ = {isa = PBXBuildFile; fileRef = 25D7793528BF54FD00563EF0 /* BaseViewController.swift */; };
		25D7793828BF553200563EF0 /* BaseView.swift in Sources */ = {isa = PBXBuildFile; fileRef = 25D7793728BF553200563EF0 /* BaseView.swift */; };
		25D7793A28BF556800563EF0 /* BaseTableViewCell.swift in Sources */ = {isa = PBXBuildFile; fileRef = 25D7793928BF556800563EF0 /* BaseTableViewCell.swift */; };
		25D7793D28BF55CC00563EF0 /* ReusableViewProtocol.swift in Sources */ = {isa = PBXBuildFile; fileRef = 25D7793C28BF55CC00563EF0 /* ReusableViewProtocol.swift */; };
		25D7794128BF571200563EF0 /* WalkThroughViewController.swift in Sources */ = {isa = PBXBuildFile; fileRef = 25D7794028BF571200563EF0 /* WalkThroughViewController.swift */; };
		25D7794328BF571F00563EF0 /* WalkThroughView.swift in Sources */ = {isa = PBXBuildFile; fileRef = 25D7794228BF571F00563EF0 /* WalkThroughView.swift */; };
		25D7794628BF592400563EF0 /* Then in Frameworks */ = {isa = PBXBuildFile; productRef = 25D7794528BF592400563EF0 /* Then */; };
/* End PBXBuildFile section */

/* Begin PBXFileReference section */
		2516980528C1F353004850DB /* MemoViewController.swift */ = {isa = PBXFileReference; lastKnownFileType = sourcecode.swift; path = MemoViewController.swift; sourceTree = "<group>"; };
		2516980728C1F363004850DB /* MemoTableViewCell.swift */ = {isa = PBXFileReference; lastKnownFileType = sourcecode.swift; path = MemoTableViewCell.swift; sourceTree = "<group>"; };
		2516980D28C1FA0B004850DB /* RealmModel.swift */ = {isa = PBXFileReference; lastKnownFileType = sourcecode.swift; path = RealmModel.swift; sourceTree = "<group>"; };
		252F7D5728C332B80099337A /* WriteViewController.swift */ = {isa = PBXFileReference; lastKnownFileType = sourcecode.swift; path = WriteViewController.swift; sourceTree = "<group>"; };
		252F7D5D28C46C140099337A /* HeaderView.swift */ = {isa = PBXFileReference; lastKnownFileType = sourcecode.swift; path = HeaderView.swift; sourceTree = "<group>"; };
		252F7D6328C5B8620099337A /* UIColor+Extension.swift */ = {isa = PBXFileReference; lastKnownFileType = sourcecode.swift; path = "UIColor+Extension.swift"; sourceTree = "<group>"; };
		253B49FE28C209D000C3BE8D /* UserMemoRepository.swift */ = {isa = PBXFileReference; lastKnownFileType = sourcecode.swift; path = UserMemoRepository.swift; sourceTree = "<group>"; };
		25D7790A28BF4A3200563EF0 /* MemoProject.app */ = {isa = PBXFileReference; explicitFileType = wrapper.application; includeInIndex = 0; path = MemoProject.app; sourceTree = BUILT_PRODUCTS_DIR; };
		25D7790D28BF4A3200563EF0 /* AppDelegate.swift */ = {isa = PBXFileReference; lastKnownFileType = sourcecode.swift; path = AppDelegate.swift; sourceTree = "<group>"; };
		25D7790F28BF4A3200563EF0 /* SceneDelegate.swift */ = {isa = PBXFileReference; lastKnownFileType = sourcecode.swift; path = SceneDelegate.swift; sourceTree = "<group>"; };
		25D7791128BF4A3200563EF0 /* ViewController.swift */ = {isa = PBXFileReference; lastKnownFileType = sourcecode.swift; path = ViewController.swift; sourceTree = "<group>"; };
		25D7791428BF4A3200563EF0 /* Base */ = {isa = PBXFileReference; lastKnownFileType = file.storyboard; name = Base; path = Base.lproj/Main.storyboard; sourceTree = "<group>"; };
		25D7791628BF4A3300563EF0 /* Assets.xcassets */ = {isa = PBXFileReference; lastKnownFileType = folder.assetcatalog; path = Assets.xcassets; sourceTree = "<group>"; };
		25D7791928BF4A3300563EF0 /* Base */ = {isa = PBXFileReference; lastKnownFileType = file.storyboard; name = Base; path = Base.lproj/LaunchScreen.storyboard; sourceTree = "<group>"; };
		25D7791B28BF4A3300563EF0 /* Info.plist */ = {isa = PBXFileReference; lastKnownFileType = text.plist.xml; path = Info.plist; sourceTree = "<group>"; };
		25D7793128BF52EE00563EF0 /* Color.swift */ = {isa = PBXFileReference; lastKnownFileType = sourcecode.swift; path = Color.swift; sourceTree = "<group>"; };
		25D7793328BF52F900563EF0 /* Constant.swift */ = {isa = PBXFileReference; lastKnownFileType = sourcecode.swift; path = Constant.swift; sourceTree = "<group>"; };
		25D7793528BF54FD00563EF0 /* BaseViewController.swift */ = {isa = PBXFileReference; lastKnownFileType = sourcecode.swift; path = BaseViewController.swift; sourceTree = "<group>"; };
		25D7793728BF553200563EF0 /* BaseView.swift */ = {isa = PBXFileReference; lastKnownFileType = sourcecode.swift; path = BaseView.swift; sourceTree = "<group>"; };
		25D7793928BF556800563EF0 /* BaseTableViewCell.swift */ = {isa = PBXFileReference; lastKnownFileType = sourcecode.swift; path = BaseTableViewCell.swift; sourceTree = "<group>"; };
		25D7793C28BF55CC00563EF0 /* ReusableViewProtocol.swift */ = {isa = PBXFileReference; lastKnownFileType = sourcecode.swift; path = ReusableViewProtocol.swift; sourceTree = "<group>"; };
		25D7794028BF571200563EF0 /* WalkThroughViewController.swift */ = {isa = PBXFileReference; lastKnownFileType = sourcecode.swift; path = WalkThroughViewController.swift; sourceTree = "<group>"; };
		25D7794228BF571F00563EF0 /* WalkThroughView.swift */ = {isa = PBXFileReference; lastKnownFileType = sourcecode.swift; path = WalkThroughView.swift; sourceTree = "<group>"; };
/* End PBXFileReference section */

/* Begin PBXFrameworksBuildPhase section */
		25D7790728BF4A3200563EF0 /* Frameworks */ = {
			isa = PBXFrameworksBuildPhase;
			buildActionMask = 2147483647;
			files = (
				25D7794628BF592400563EF0 /* Then in Frameworks */,
				25D7792B28BF4CBA00563EF0 /* Toast in Frameworks */,
				25D7792828BF4C8C00563EF0 /* SnapKit in Frameworks */,
				25D7792528BF4C6B00563EF0 /* RealmSwift in Frameworks */,
				25D7792328BF4C6B00563EF0 /* Realm in Frameworks */,
			);
			runOnlyForDeploymentPostprocessing = 0;
		};
/* End PBXFrameworksBuildPhase section */

/* Begin PBXGroup section */
		252F7D5C28C46C000099337A /* CustomView */ = {
			isa = PBXGroup;
			children = (
				252F7D5D28C46C140099337A /* HeaderView.swift */,
			);
			path = CustomView;
			sourceTree = "<group>";
		};
		252F7D6228C5B8540099337A /* Extension */ = {
			isa = PBXGroup;
			children = (
				252F7D6328C5B8620099337A /* UIColor+Extension.swift */,
			);
			path = Extension;
			sourceTree = "<group>";
		};
		25D7790128BF4A3200563EF0 = {
			isa = PBXGroup;
			children = (
				25D7790C28BF4A3200563EF0 /* MemoProject */,
				25D7790B28BF4A3200563EF0 /* Products */,
			);
			sourceTree = "<group>";
		};
		25D7790B28BF4A3200563EF0 /* Products */ = {
			isa = PBXGroup;
			children = (
				25D7790A28BF4A3200563EF0 /* MemoProject.app */,
			);
			name = Products;
			sourceTree = "<group>";
		};
		25D7790C28BF4A3200563EF0 /* MemoProject */ = {
			isa = PBXGroup;
			children = (
				25D7792D28BF4DA100563EF0 /* DataBase */,
				25D7792C28BF4D0400563EF0 /* Scene */,
				25D7792F28BF4DC200563EF0 /* Utility */,
				25D7793B28BF55A500563EF0 /* Protocol */,
				25D7790D28BF4A3200563EF0 /* AppDelegate.swift */,
				25D7790F28BF4A3200563EF0 /* SceneDelegate.swift */,
				25D7791128BF4A3200563EF0 /* ViewController.swift */,
				25D7791328BF4A3200563EF0 /* Main.storyboard */,
				25D7791628BF4A3300563EF0 /* Assets.xcassets */,
				25D7791828BF4A3300563EF0 /* LaunchScreen.storyboard */,
				25D7791B28BF4A3300563EF0 /* Info.plist */,
			);
			path = MemoProject;
			sourceTree = "<group>";
		};
		25D7792C28BF4D0400563EF0 /* Scene */ = {
			isa = PBXGroup;
			children = (
				25D7793E28BF56C400563EF0 /* WalkThrough */,
				25D7792E28BF4DB500563EF0 /* Memo */,
				25D7793F28BF56DE00563EF0 /* Write */,
			);
			path = Scene;
			sourceTree = "<group>";
		};
		25D7792D28BF4DA100563EF0 /* DataBase */ = {
			isa = PBXGroup;
			children = (
				2516980D28C1FA0B004850DB /* RealmModel.swift */,
				253B49FE28C209D000C3BE8D /* UserMemoRepository.swift */,
			);
			path = DataBase;
			sourceTree = "<group>";
		};
		25D7792E28BF4DB500563EF0 /* Memo */ = {
			isa = PBXGroup;
			children = (
				2516980528C1F353004850DB /* MemoViewController.swift */,
				2516980728C1F363004850DB /* MemoTableViewCell.swift */,
			);
			path = Memo;
			sourceTree = "<group>";
		};
		25D7792F28BF4DC200563EF0 /* Utility */ = {
			isa = PBXGroup;
			children = (
				252F7D6228C5B8540099337A /* Extension */,
				252F7D5C28C46C000099337A /* CustomView */,
				25D7793028BF4DE600563EF0 /* Constants */,
				25D7793528BF54FD00563EF0 /* BaseViewController.swift */,
				25D7793728BF553200563EF0 /* BaseView.swift */,
				25D7793928BF556800563EF0 /* BaseTableViewCell.swift */,
			);
			path = Utility;
			sourceTree = "<group>";
		};
		25D7793028BF4DE600563EF0 /* Constants */ = {
			isa = PBXGroup;
			children = (
				25D7793128BF52EE00563EF0 /* Color.swift */,
				25D7793328BF52F900563EF0 /* Constant.swift */,
			);
			path = Constants;
			sourceTree = "<group>";
		};
		25D7793B28BF55A500563EF0 /* Protocol */ = {
			isa = PBXGroup;
			children = (
				25D7793C28BF55CC00563EF0 /* ReusableViewProtocol.swift */,
			);
			path = Protocol;
			sourceTree = "<group>";
		};
		25D7793E28BF56C400563EF0 /* WalkThrough */ = {
			isa = PBXGroup;
			children = (
				25D7794028BF571200563EF0 /* WalkThroughViewController.swift */,
				25D7794228BF571F00563EF0 /* WalkThroughView.swift */,
			);
			path = WalkThrough;
			sourceTree = "<group>";
		};
		25D7793F28BF56DE00563EF0 /* Write */ = {
			isa = PBXGroup;
			children = (
				252F7D5728C332B80099337A /* WriteViewController.swift */,
			);
			path = Write;
			sourceTree = "<group>";
		};
/* End PBXGroup section */

/* Begin PBXNativeTarget section */
		25D7790928BF4A3200563EF0 /* MemoProject */ = {
			isa = PBXNativeTarget;
			buildConfigurationList = 25D7791E28BF4A3300563EF0 /* Build configuration list for PBXNativeTarget "MemoProject" */;
			buildPhases = (
				25D7790628BF4A3200563EF0 /* Sources */,
				25D7790728BF4A3200563EF0 /* Frameworks */,
				25D7790828BF4A3200563EF0 /* Resources */,
			);
			buildRules = (
			);
			dependencies = (
			);
			name = MemoProject;
			packageProductDependencies = (
				25D7792228BF4C6B00563EF0 /* Realm */,
				25D7792428BF4C6B00563EF0 /* RealmSwift */,
				25D7792728BF4C8C00563EF0 /* SnapKit */,
				25D7792A28BF4CBA00563EF0 /* Toast */,
				25D7794528BF592400563EF0 /* Then */,
			);
			productName = MemoProject;
			productReference = 25D7790A28BF4A3200563EF0 /* MemoProject.app */;
			productType = "com.apple.product-type.application";
		};
/* End PBXNativeTarget section */

/* Begin PBXProject section */
		25D7790228BF4A3200563EF0 /* Project object */ = {
			isa = PBXProject;
			attributes = {
				BuildIndependentTargetsInParallel = 1;
				LastSwiftUpdateCheck = 1340;
				LastUpgradeCheck = 1340;
				TargetAttributes = {
					25D7790928BF4A3200563EF0 = {
						CreatedOnToolsVersion = 13.4.1;
					};
				};
			};
			buildConfigurationList = 25D7790528BF4A3200563EF0 /* Build configuration list for PBXProject "MemoProject" */;
			compatibilityVersion = "Xcode 13.0";
			developmentRegion = en;
			hasScannedForEncodings = 0;
			knownRegions = (
				en,
				Base,
			);
			mainGroup = 25D7790128BF4A3200563EF0;
			packageReferences = (
				25D7792128BF4C6B00563EF0 /* XCRemoteSwiftPackageReference "realm-swift" */,
				25D7792628BF4C8C00563EF0 /* XCRemoteSwiftPackageReference "SnapKit" */,
				25D7792928BF4CB900563EF0 /* XCRemoteSwiftPackageReference "Toast-Swift" */,
				25D7794428BF592400563EF0 /* XCRemoteSwiftPackageReference "Then" */,
			);
			productRefGroup = 25D7790B28BF4A3200563EF0 /* Products */;
			projectDirPath = "";
			projectRoot = "";
			targets = (
				25D7790928BF4A3200563EF0 /* MemoProject */,
			);
		};
/* End PBXProject section */

/* Begin PBXResourcesBuildPhase section */
		25D7790828BF4A3200563EF0 /* Resources */ = {
			isa = PBXResourcesBuildPhase;
			buildActionMask = 2147483647;
			files = (
				25D7791A28BF4A3300563EF0 /* LaunchScreen.storyboard in Resources */,
				25D7791728BF4A3300563EF0 /* Assets.xcassets in Resources */,
				25D7791528BF4A3200563EF0 /* Main.storyboard in Resources */,
			);
			runOnlyForDeploymentPostprocessing = 0;
		};
/* End PBXResourcesBuildPhase section */

/* Begin PBXSourcesBuildPhase section */
		25D7790628BF4A3200563EF0 /* Sources */ = {
			isa = PBXSourcesBuildPhase;
			buildActionMask = 2147483647;
			files = (
				252F7D5828C332B80099337A /* WriteViewController.swift in Sources */,
				25D7793A28BF556800563EF0 /* BaseTableViewCell.swift in Sources */,
				253B49FF28C209D000C3BE8D /* UserMemoRepository.swift in Sources */,
				2516980E28C1FA0B004850DB /* RealmModel.swift in Sources */,
				2516980828C1F363004850DB /* MemoTableViewCell.swift in Sources */,
				25D7794328BF571F00563EF0 /* WalkThroughView.swift in Sources */,
				252F7D5E28C46C140099337A /* HeaderView.swift in Sources */,
				25D7791228BF4A3200563EF0 /* ViewController.swift in Sources */,
				25D7793D28BF55CC00563EF0 /* ReusableViewProtocol.swift in Sources */,
				25D7793228BF52EE00563EF0 /* Color.swift in Sources */,
				25D7793428BF52F900563EF0 /* Constant.swift in Sources */,
				25D7794128BF571200563EF0 /* WalkThroughViewController.swift in Sources */,
				25D7790E28BF4A3200563EF0 /* AppDelegate.swift in Sources */,
				252F7D6428C5B8630099337A /* UIColor+Extension.swift in Sources */,
				2516980628C1F353004850DB /* MemoViewController.swift in Sources */,
				25D7793828BF553200563EF0 /* BaseView.swift in Sources */,
				25D7791028BF4A3200563EF0 /* SceneDelegate.swift in Sources */,
				25D7793628BF54FD00563EF0 /* BaseViewController.swift in Sources */,
			);
			runOnlyForDeploymentPostprocessing = 0;
		};
/* End PBXSourcesBuildPhase section */

/* Begin PBXVariantGroup section */
		25D7791328BF4A3200563EF0 /* Main.storyboard */ = {
			isa = PBXVariantGroup;
			children = (
				25D7791428BF4A3200563EF0 /* Base */,
			);
			name = Main.storyboard;
			sourceTree = "<group>";
		};
		25D7791828BF4A3300563EF0 /* LaunchScreen.storyboard */ = {
			isa = PBXVariantGroup;
			children = (
				25D7791928BF4A3300563EF0 /* Base */,
			);
			name = LaunchScreen.storyboard;
			sourceTree = "<group>";
		};
/* End PBXVariantGroup section */

/* Begin XCBuildConfiguration section */
		25D7791C28BF4A3300563EF0 /* Debug */ = {
			isa = XCBuildConfiguration;
			buildSettings = {
				ALWAYS_SEARCH_USER_PATHS = NO;
				CLANG_ANALYZER_NONNULL = YES;
				CLANG_ANALYZER_NUMBER_OBJECT_CONVERSION = YES_AGGRESSIVE;
				CLANG_CXX_LANGUAGE_STANDARD = "gnu++17";
				CLANG_ENABLE_MODULES = YES;
				CLANG_ENABLE_OBJC_ARC = YES;
				CLANG_ENABLE_OBJC_WEAK = YES;
				CLANG_WARN_BLOCK_CAPTURE_AUTORELEASING = YES;
				CLANG_WARN_BOOL_CONVERSION = YES;
				CLANG_WARN_COMMA = YES;
				CLANG_WARN_CONSTANT_CONVERSION = YES;
				CLANG_WARN_DEPRECATED_OBJC_IMPLEMENTATIONS = YES;
				CLANG_WARN_DIRECT_OBJC_ISA_USAGE = YES_ERROR;
				CLANG_WARN_DOCUMENTATION_COMMENTS = YES;
				CLANG_WARN_EMPTY_BODY = YES;
				CLANG_WARN_ENUM_CONVERSION = YES;
				CLANG_WARN_INFINITE_RECURSION = YES;
				CLANG_WARN_INT_CONVERSION = YES;
				CLANG_WARN_NON_LITERAL_NULL_CONVERSION = YES;
				CLANG_WARN_OBJC_IMPLICIT_RETAIN_SELF = YES;
				CLANG_WARN_OBJC_LITERAL_CONVERSION = YES;
				CLANG_WARN_OBJC_ROOT_CLASS = YES_ERROR;
				CLANG_WARN_QUOTED_INCLUDE_IN_FRAMEWORK_HEADER = YES;
				CLANG_WARN_RANGE_LOOP_ANALYSIS = YES;
				CLANG_WARN_STRICT_PROTOTYPES = YES;
				CLANG_WARN_SUSPICIOUS_MOVE = YES;
				CLANG_WARN_UNGUARDED_AVAILABILITY = YES_AGGRESSIVE;
				CLANG_WARN_UNREACHABLE_CODE = YES;
				CLANG_WARN__DUPLICATE_METHOD_MATCH = YES;
				COPY_PHASE_STRIP = NO;
				DEBUG_INFORMATION_FORMAT = dwarf;
				ENABLE_STRICT_OBJC_MSGSEND = YES;
				ENABLE_TESTABILITY = YES;
				GCC_C_LANGUAGE_STANDARD = gnu11;
				GCC_DYNAMIC_NO_PIC = NO;
				GCC_NO_COMMON_BLOCKS = YES;
				GCC_OPTIMIZATION_LEVEL = 0;
				GCC_PREPROCESSOR_DEFINITIONS = (
					"DEBUG=1",
					"$(inherited)",
				);
				GCC_WARN_64_TO_32_BIT_CONVERSION = YES;
				GCC_WARN_ABOUT_RETURN_TYPE = YES_ERROR;
				GCC_WARN_UNDECLARED_SELECTOR = YES;
				GCC_WARN_UNINITIALIZED_AUTOS = YES_AGGRESSIVE;
				GCC_WARN_UNUSED_FUNCTION = YES;
				GCC_WARN_UNUSED_VARIABLE = YES;
				IPHONEOS_DEPLOYMENT_TARGET = 15.5;
				MTL_ENABLE_DEBUG_INFO = INCLUDE_SOURCE;
				MTL_FAST_MATH = YES;
				ONLY_ACTIVE_ARCH = YES;
				SDKROOT = iphoneos;
				SWIFT_ACTIVE_COMPILATION_CONDITIONS = DEBUG;
				SWIFT_OPTIMIZATION_LEVEL = "-Onone";
			};
			name = Debug;
		};
		25D7791D28BF4A3300563EF0 /* Release */ = {
			isa = XCBuildConfiguration;
			buildSettings = {
				ALWAYS_SEARCH_USER_PATHS = NO;
				CLANG_ANALYZER_NONNULL = YES;
				CLANG_ANALYZER_NUMBER_OBJECT_CONVERSION = YES_AGGRESSIVE;
				CLANG_CXX_LANGUAGE_STANDARD = "gnu++17";
				CLANG_ENABLE_MODULES = YES;
				CLANG_ENABLE_OBJC_ARC = YES;
				CLANG_ENABLE_OBJC_WEAK = YES;
				CLANG_WARN_BLOCK_CAPTURE_AUTORELEASING = YES;
				CLANG_WARN_BOOL_CONVERSION = YES;
				CLANG_WARN_COMMA = YES;
				CLANG_WARN_CONSTANT_CONVERSION = YES;
				CLANG_WARN_DEPRECATED_OBJC_IMPLEMENTATIONS = YES;
				CLANG_WARN_DIRECT_OBJC_ISA_USAGE = YES_ERROR;
				CLANG_WARN_DOCUMENTATION_COMMENTS = YES;
				CLANG_WARN_EMPTY_BODY = YES;
				CLANG_WARN_ENUM_CONVERSION = YES;
				CLANG_WARN_INFINITE_RECURSION = YES;
				CLANG_WARN_INT_CONVERSION = YES;
				CLANG_WARN_NON_LITERAL_NULL_CONVERSION = YES;
				CLANG_WARN_OBJC_IMPLICIT_RETAIN_SELF = YES;
				CLANG_WARN_OBJC_LITERAL_CONVERSION = YES;
				CLANG_WARN_OBJC_ROOT_CLASS = YES_ERROR;
				CLANG_WARN_QUOTED_INCLUDE_IN_FRAMEWORK_HEADER = YES;
				CLANG_WARN_RANGE_LOOP_ANALYSIS = YES;
				CLANG_WARN_STRICT_PROTOTYPES = YES;
				CLANG_WARN_SUSPICIOUS_MOVE = YES;
				CLANG_WARN_UNGUARDED_AVAILABILITY = YES_AGGRESSIVE;
				CLANG_WARN_UNREACHABLE_CODE = YES;
				CLANG_WARN__DUPLICATE_METHOD_MATCH = YES;
				COPY_PHASE_STRIP = NO;
				DEBUG_INFORMATION_FORMAT = "dwarf-with-dsym";
				ENABLE_NS_ASSERTIONS = NO;
				ENABLE_STRICT_OBJC_MSGSEND = YES;
				GCC_C_LANGUAGE_STANDARD = gnu11;
				GCC_NO_COMMON_BLOCKS = YES;
				GCC_WARN_64_TO_32_BIT_CONVERSION = YES;
				GCC_WARN_ABOUT_RETURN_TYPE = YES_ERROR;
				GCC_WARN_UNDECLARED_SELECTOR = YES;
				GCC_WARN_UNINITIALIZED_AUTOS = YES_AGGRESSIVE;
				GCC_WARN_UNUSED_FUNCTION = YES;
				GCC_WARN_UNUSED_VARIABLE = YES;
				IPHONEOS_DEPLOYMENT_TARGET = 15.5;
				MTL_ENABLE_DEBUG_INFO = NO;
				MTL_FAST_MATH = YES;
				SDKROOT = iphoneos;
				SWIFT_COMPILATION_MODE = wholemodule;
				SWIFT_OPTIMIZATION_LEVEL = "-O";
				VALIDATE_PRODUCT = YES;
			};
			name = Release;
		};
		25D7791F28BF4A3300563EF0 /* Debug */ = {
			isa = XCBuildConfiguration;
			buildSettings = {
				ASSETCATALOG_COMPILER_APPICON_NAME = AppIcon;
				ASSETCATALOG_COMPILER_GLOBAL_ACCENT_COLOR_NAME = AccentColor;
				CODE_SIGN_STYLE = Automatic;
				CURRENT_PROJECT_VERSION = 1;
				DEVELOPMENT_TEAM = RFHV927M8S;
				GENERATE_INFOPLIST_FILE = YES;
				INFOPLIST_FILE = MemoProject/Info.plist;
				INFOPLIST_KEY_CFBundleDisplayName = "서재훈";
				INFOPLIST_KEY_UIApplicationSupportsIndirectInputEvents = YES;
				INFOPLIST_KEY_UILaunchStoryboardName = LaunchScreen;
				INFOPLIST_KEY_UIMainStoryboardFile = Main;
				INFOPLIST_KEY_UISupportedInterfaceOrientations_iPad = "UIInterfaceOrientationPortrait UIInterfaceOrientationPortraitUpsideDown UIInterfaceOrientationLandscapeLeft UIInterfaceOrientationLandscapeRight";
				INFOPLIST_KEY_UISupportedInterfaceOrientations_iPhone = "UIInterfaceOrientationPortrait UIInterfaceOrientationLandscapeLeft UIInterfaceOrientationLandscapeRight";
				IPHONEOS_DEPLOYMENT_TARGET = 13.0;
				LD_RUNPATH_SEARCH_PATHS = (
					"$(inherited)",
					"@executable_path/Frameworks",
				);
				MARKETING_VERSION = 1.0;
				PRODUCT_BUNDLE_IDENTIFIER = com.jaehoon.MemoProject;
				PRODUCT_NAME = "$(TARGET_NAME)";
				SWIFT_EMIT_LOC_STRINGS = YES;
				SWIFT_VERSION = 5.0;
				TARGETED_DEVICE_FAMILY = 1;
			};
			name = Debug;
		};
		25D7792028BF4A3300563EF0 /* Release */ = {
			isa = XCBuildConfiguration;
			buildSettings = {
				ASSETCATALOG_COMPILER_APPICON_NAME = AppIcon;
				ASSETCATALOG_COMPILER_GLOBAL_ACCENT_COLOR_NAME = AccentColor;
				CODE_SIGN_STYLE = Automatic;
				CURRENT_PROJECT_VERSION = 1;
				DEVELOPMENT_TEAM = RFHV927M8S;
				GENERATE_INFOPLIST_FILE = YES;
				INFOPLIST_FILE = MemoProject/Info.plist;
				INFOPLIST_KEY_CFBundleDisplayName = "서재훈";
				INFOPLIST_KEY_UIApplicationSupportsIndirectInputEvents = YES;
				INFOPLIST_KEY_UILaunchStoryboardName = LaunchScreen;
				INFOPLIST_KEY_UIMainStoryboardFile = Main;
				INFOPLIST_KEY_UISupportedInterfaceOrientations_iPad = "UIInterfaceOrientationPortrait UIInterfaceOrientationPortraitUpsideDown UIInterfaceOrientationLandscapeLeft UIInterfaceOrientationLandscapeRight";
				INFOPLIST_KEY_UISupportedInterfaceOrientations_iPhone = "UIInterfaceOrientationPortrait UIInterfaceOrientationLandscapeLeft UIInterfaceOrientationLandscapeRight";
				IPHONEOS_DEPLOYMENT_TARGET = 13.0;
				LD_RUNPATH_SEARCH_PATHS = (
					"$(inherited)",
					"@executable_path/Frameworks",
				);
				MARKETING_VERSION = 1.0;
				PRODUCT_BUNDLE_IDENTIFIER = com.jaehoon.MemoProject;
				PRODUCT_NAME = "$(TARGET_NAME)";
				SWIFT_EMIT_LOC_STRINGS = YES;
				SWIFT_VERSION = 5.0;
				TARGETED_DEVICE_FAMILY = 1;
			};
			name = Release;
		};
/* End XCBuildConfiguration section */

/* Begin XCConfigurationList section */
		25D7790528BF4A3200563EF0 /* Build configuration list for PBXProject "MemoProject" */ = {
			isa = XCConfigurationList;
			buildConfigurations = (
				25D7791C28BF4A3300563EF0 /* Debug */,
				25D7791D28BF4A3300563EF0 /* Release */,
			);
			defaultConfigurationIsVisible = 0;
			defaultConfigurationName = Release;
		};
		25D7791E28BF4A3300563EF0 /* Build configuration list for PBXNativeTarget "MemoProject" */ = {
			isa = XCConfigurationList;
			buildConfigurations = (
				25D7791F28BF4A3300563EF0 /* Debug */,
				25D7792028BF4A3300563EF0 /* Release */,
			);
			defaultConfigurationIsVisible = 0;
			defaultConfigurationName = Release;
		};
/* End XCConfigurationList section */

/* Begin XCRemoteSwiftPackageReference section */
		25D7792128BF4C6B00563EF0 /* XCRemoteSwiftPackageReference "realm-swift" */ = {
			isa = XCRemoteSwiftPackageReference;
			repositoryURL = "https://github.com/realm/realm-swift.git";
			requirement = {
				kind = upToNextMajorVersion;
				minimumVersion = 10.0.0;
			};
		};
		25D7792628BF4C8C00563EF0 /* XCRemoteSwiftPackageReference "SnapKit" */ = {
			isa = XCRemoteSwiftPackageReference;
			repositoryURL = "https://github.com/SnapKit/SnapKit";
			requirement = {
				kind = upToNextMajorVersion;
				minimumVersion = 5.0.0;
			};
		};
		25D7792928BF4CB900563EF0 /* XCRemoteSwiftPackageReference "Toast-Swift" */ = {
			isa = XCRemoteSwiftPackageReference;
			repositoryURL = "https://github.com/scalessec/Toast-Swift.git";
			requirement = {
				kind = upToNextMajorVersion;
				minimumVersion = 5.0.0;
			};
		};
		25D7794428BF592400563EF0 /* XCRemoteSwiftPackageReference "Then" */ = {
			isa = XCRemoteSwiftPackageReference;
			repositoryURL = "https://github.com/devxoul/Then.git";
			requirement = {
				kind = upToNextMajorVersion;
				minimumVersion = 3.0.0;
			};
		};
/* End XCRemoteSwiftPackageReference section */

/* Begin XCSwiftPackageProductDependency section */
		25D7792228BF4C6B00563EF0 /* Realm */ = {
			isa = XCSwiftPackageProductDependency;
			package = 25D7792128BF4C6B00563EF0 /* XCRemoteSwiftPackageReference "realm-swift" */;
			productName = Realm;
		};
		25D7792428BF4C6B00563EF0 /* RealmSwift */ = {
			isa = XCSwiftPackageProductDependency;
			package = 25D7792128BF4C6B00563EF0 /* XCRemoteSwiftPackageReference "realm-swift" */;
			productName = RealmSwift;
		};
		25D7792728BF4C8C00563EF0 /* SnapKit */ = {
			isa = XCSwiftPackageProductDependency;
			package = 25D7792628BF4C8C00563EF0 /* XCRemoteSwiftPackageReference "SnapKit" */;
			productName = SnapKit;
		};
		25D7792A28BF4CBA00563EF0 /* Toast */ = {
			isa = XCSwiftPackageProductDependency;
			package = 25D7792928BF4CB900563EF0 /* XCRemoteSwiftPackageReference "Toast-Swift" */;
			productName = Toast;
		};
		25D7794528BF592400563EF0 /* Then */ = {
			isa = XCSwiftPackageProductDependency;
			package = 25D7794428BF592400563EF0 /* XCRemoteSwiftPackageReference "Then" */;
			productName = Then;
		};
/* End XCSwiftPackageProductDependency section */
	};
	rootObject = 25D7790228BF4A3200563EF0 /* Project object */;
}
